
Microsoft Visual Studio Solution File, Format Version 12.00
# Visual Studio Version 17
VisualStudioVersion = 17.4.33103.184
MinimumVisualStudioVersion = 10.0.40219.1
Project("{FAE04EC0-301F-11D3-BF4B-00C04F79EFBC}") = "WpfSDKStyleProjectSample001", "WpfSDKStyleProjectSample001\WpfSDKStyleProjectSample001.csproj", "{AE6CAD03-7DCF-4345-B9CD-D5CD11697C88}"
EndProject
Project("{FAE04EC0-301F-11D3-BF4B-00C04F79EFBC}") = "WpfSDKStyleProjectSample002", "WpfSDKStyleProjectSample002\WpfSDKStyleProjectSample002.csproj", "{ED35328C-5EA0-4ED8-B17F-9C388467877B}"
EndProject
Global
	GlobalSection(SolutionConfigurationPlatforms) = preSolution
		Debug|Any CPU = Debug|Any CPU
		Release|Any CPU = Release|Any CPU
	EndGlobalSection
	GlobalSection(ProjectConfigurationPlatforms) = postSolution
		{AE6CAD03-7DCF-4345-B9CD-D5CD11697C88}.Debug|Any CPU.ActiveCfg = Debug|Any CPU
		{AE6CAD03-7DCF-4345-B9CD-D5CD11697C88}.Debug|Any CPU.Build.0 = Debug|Any CPU
		{AE6CAD03-7DCF-4345-B9CD-D5CD11697C88}.Release|Any CPU.ActiveCfg = Release|Any CPU
		{AE6CAD03-7DCF-4345-B9CD-D5CD11697C88}.Release|Any CPU.Build.0 = Release|Any CPU
		{ED35328C-5EA0-4ED8-B17F-9C388467877B}.Debug|Any CPU.ActiveCfg = Debug|Any CPU
		{ED35328C-5EA0-4ED8-B17F-9C388467877B}.Debug|Any CPU.Build.0 = Debug|Any CPU
		{ED35328C-5EA0-4ED8-B17F-9C388467877B}.Release|Any CPU.ActiveCfg = Release|Any CPU
		{ED35328C-5EA0-4ED8-B17F-9C388467877B}.Release|Any CPU.Build.0 = Release|Any CPU
	EndGlobalSection
	GlobalSection(SolutionProperties) = preSolution
		HideSolutionNode = FALSE
	EndGlobalSection
	GlobalSection(ExtensibilityGlobals) = postSolution
		SolutionGuid = {597FF27F-E096-4AA5-A24C-FC3832486CD3}
	EndGlobalSection
EndGlobal
